
Microsoft Visual Studio Solution File, Format Version 12.00
# Visual Studio Version 16
VisualStudioVersion = 16.0.809.7
MinimumVisualStudioVersion = 10.0.40219.1
Project("{FAE04EC0-301F-11D3-BF4B-00C04F79EFBC}") = "Question1", "Question1\Question1.csproj", "{2B274C9D-98DA-456B-BA6A-F17452E03381}"
EndProject
Global
	GlobalSection(SolutionConfigurationPlatforms) = preSolution
		Debug|Any CPU = Debug|Any CPU
		Release|Any CPU = Release|Any CPU
	EndGlobalSection
	GlobalSection(ProjectConfigurationPlatforms) = postSolution
		{2B274C9D-98DA-456B-BA6A-F17452E03381}.Debug|Any CPU.ActiveCfg = Debug|Any CPU
		{2B274C9D-98DA-456B-BA6A-F17452E03381}.Debug|Any CPU.Build.0 = Debug|Any CPU
		{2B274C9D-98DA-456B-BA6A-F17452E03381}.Release|Any CPU.ActiveCfg = Release|Any CPU
		{2B274C9D-98DA-456B-BA6A-F17452E03381}.Release|Any CPU.Build.0 = Release|Any CPU
	EndGlobalSection
	GlobalSection(SolutionProperties) = preSolution
		HideSolutionNode = FALSE
	EndGlobalSection
	GlobalSection(ExtensibilityGlobals) = postSolution
		SolutionGuid = {3767CAAB-CC7F-4B5A-8A88-4F16CAD75F7F}
	EndGlobalSection
EndGlobal
