
Microsoft Visual Studio Solution File, Format Version 12.00
# Visual Studio Version 16
VisualStudioVersion = 16.0.809.7
MinimumVisualStudioVersion = 10.0.40219.1
Project("{FAE04EC0-301F-11D3-BF4B-00C04F79EFBC}") = "Question4", "Question4\Question4.csproj", "{C94FE70B-5A83-414C-963A-4C13993734E7}"
EndProject
Global
	GlobalSection(SolutionConfigurationPlatforms) = preSolution
		Debug|Any CPU = Debug|Any CPU
		Release|Any CPU = Release|Any CPU
	EndGlobalSection
	GlobalSection(ProjectConfigurationPlatforms) = postSolution
		{C94FE70B-5A83-414C-963A-4C13993734E7}.Debug|Any CPU.ActiveCfg = Debug|Any CPU
		{C94FE70B-5A83-414C-963A-4C13993734E7}.Debug|Any CPU.Build.0 = Debug|Any CPU
		{C94FE70B-5A83-414C-963A-4C13993734E7}.Release|Any CPU.ActiveCfg = Release|Any CPU
		{C94FE70B-5A83-414C-963A-4C13993734E7}.Release|Any CPU.Build.0 = Release|Any CPU
	EndGlobalSection
	GlobalSection(SolutionProperties) = preSolution
		HideSolutionNode = FALSE
	EndGlobalSection
	GlobalSection(ExtensibilityGlobals) = postSolution
		SolutionGuid = {8CCAEDC7-98A1-47C9-94FF-89B595BFC732}
	EndGlobalSection
EndGlobal
